
Microsoft Visual Studio Solution File, Format Version 12.00
# Visual Studio Version 17
VisualStudioVersion = 17.3.32929.385
MinimumVisualStudioVersion = 10.0.40219.1
Project("{FAE04EC0-301F-11D3-BF4B-00C04F79EFBC}") = "API", "API\API.csproj", "{262B99CC-73CA-4C7B-8855-D5B89F2ED97D}"
EndProject
Global
	GlobalSection(SolutionConfigurationPlatforms) = preSolution
		Debug|Any CPU = Debug|Any CPU
		Release|Any CPU = Release|Any CPU
	EndGlobalSection
	GlobalSection(ProjectConfigurationPlatforms) = postSolution
		{262B99CC-73CA-4C7B-8855-D5B89F2ED97D}.Debug|Any CPU.ActiveCfg = Debug|Any CPU
		{262B99CC-73CA-4C7B-8855-D5B89F2ED97D}.Debug|Any CPU.Build.0 = Debug|Any CPU
		{262B99CC-73CA-4C7B-8855-D5B89F2ED97D}.Release|Any CPU.ActiveCfg = Release|Any CPU
		{262B99CC-73CA-4C7B-8855-D5B89F2ED97D}.Release|Any CPU.Build.0 = Release|Any CPU
	EndGlobalSection
	GlobalSection(SolutionProperties) = preSolution
		HideSolutionNode = FALSE
	EndGlobalSection
	GlobalSection(ExtensibilityGlobals) = postSolution
		SolutionGuid = {0D992DE4-4263-46C4-A282-C1CF6212F95D}
	EndGlobalSection
EndGlobal
